
Microsoft Visual Studio Solution File, Format Version 12.00
# Visual Studio Version 17
VisualStudioVersion = 17.3.32901.215
MinimumVisualStudioVersion = 10.0.40219.1
Project("{FAE04EC0-301F-11D3-BF4B-00C04F79EFBC}") = "for dongusu ornek 3-847", "for dongusu ornek 3-847\for dongusu ornek 3-847.csproj", "{65F60B8D-C48D-4FF2-A570-BED559E52D5E}"
EndProject
Global
	GlobalSection(SolutionConfigurationPlatforms) = preSolution
		Debug|Any CPU = Debug|Any CPU
		Release|Any CPU = Release|Any CPU
	EndGlobalSection
	GlobalSection(ProjectConfigurationPlatforms) = postSolution
		{65F60B8D-C48D-4FF2-A570-BED559E52D5E}.Debug|Any CPU.ActiveCfg = Debug|Any CPU
		{65F60B8D-C48D-4FF2-A570-BED559E52D5E}.Debug|Any CPU.Build.0 = Debug|Any CPU
		{65F60B8D-C48D-4FF2-A570-BED559E52D5E}.Release|Any CPU.ActiveCfg = Release|Any CPU
		{65F60B8D-C48D-4FF2-A570-BED559E52D5E}.Release|Any CPU.Build.0 = Release|Any CPU
	EndGlobalSection
	GlobalSection(SolutionProperties) = preSolution
		HideSolutionNode = FALSE
	EndGlobalSection
	GlobalSection(ExtensibilityGlobals) = postSolution
		SolutionGuid = {55528949-A7CA-4382-81C6-BD986D338EAD}
	EndGlobalSection
EndGlobal
